
Microsoft Visual Studio Solution File, Format Version 12.00
Project("{2150E333-8FDC-42A3-9474-1A3956D46DE8}") = "src", "src", "{8BD912D9-A32F-4047-AE8F-E170E28D68FF}"
EndProject
Project("{2150E333-8FDC-42A3-9474-1A3956D46DE8}") = "Infrastructure", "Infrastructure", "{9618F917-64D7-4969-8F68-FD251E2CFDD3}"
EndProject
Project("{2150E333-8FDC-42A3-9474-1A3956D46DE8}") = "Core", "Core", "{39B5F4A4-7E2D-45A8-931F-AC7F3D16E728}"
EndProject
Project("{2150E333-8FDC-42A3-9474-1A3956D46DE8}") = "Presentation", "Presentation", "{D6FC1CAD-B708-4E05-ADE9-7F7C7C1A3461}"
EndProject
Project("{FAE04EC0-301F-11D3-BF4B-00C04F79EFBC}") = "Application", "Application\Application.csproj", "{0ACDD261-D0FF-4947-A1A8-EEFEAF8F1D62}"
EndProject
Project("{FAE04EC0-301F-11D3-BF4B-00C04F79EFBC}") = "Domain", "Domain\Domain.csproj", "{41944235-6BE1-4DFB-96DE-A95CE9F0E40D}"
EndProject
Project("{FAE04EC0-301F-11D3-BF4B-00C04F79EFBC}") = "Persistence", "Persistence\Persistence.csproj", "{4F26BD45-721A-472D-A4BF-60605C24633B}"
EndProject
Project("{FAE04EC0-301F-11D3-BF4B-00C04F79EFBC}") = "Shared", "Shared\Shared.csproj", "{9B47B28C-6D91-4E9D-9170-EFA764A2CED5}"
EndProject
Project("{FAE04EC0-301F-11D3-BF4B-00C04F79EFBC}") = "WebAPI", "WebAPI\WebAPI.csproj", "{4CD43838-6983-456B-9E08-1D878EB6845E}"
EndProject
Global
	GlobalSection(SolutionConfigurationPlatforms) = preSolution
		Debug|Any CPU = Debug|Any CPU
		Release|Any CPU = Release|Any CPU
	EndGlobalSection
	GlobalSection(NestedProjects) = preSolution
		{9618F917-64D7-4969-8F68-FD251E2CFDD3} = {8BD912D9-A32F-4047-AE8F-E170E28D68FF}
		{39B5F4A4-7E2D-45A8-931F-AC7F3D16E728} = {8BD912D9-A32F-4047-AE8F-E170E28D68FF}
		{D6FC1CAD-B708-4E05-ADE9-7F7C7C1A3461} = {8BD912D9-A32F-4047-AE8F-E170E28D68FF}
		{0ACDD261-D0FF-4947-A1A8-EEFEAF8F1D62} = {39B5F4A4-7E2D-45A8-931F-AC7F3D16E728}
		{41944235-6BE1-4DFB-96DE-A95CE9F0E40D} = {39B5F4A4-7E2D-45A8-931F-AC7F3D16E728}
		{4F26BD45-721A-472D-A4BF-60605C24633B} = {9618F917-64D7-4969-8F68-FD251E2CFDD3}
		{9B47B28C-6D91-4E9D-9170-EFA764A2CED5} = {9618F917-64D7-4969-8F68-FD251E2CFDD3}
		{4CD43838-6983-456B-9E08-1D878EB6845E} = {D6FC1CAD-B708-4E05-ADE9-7F7C7C1A3461}
	EndGlobalSection
	GlobalSection(ProjectConfigurationPlatforms) = postSolution
		{0ACDD261-D0FF-4947-A1A8-EEFEAF8F1D62}.Debug|Any CPU.ActiveCfg = Debug|Any CPU
		{0ACDD261-D0FF-4947-A1A8-EEFEAF8F1D62}.Debug|Any CPU.Build.0 = Debug|Any CPU
		{0ACDD261-D0FF-4947-A1A8-EEFEAF8F1D62}.Release|Any CPU.ActiveCfg = Release|Any CPU
		{0ACDD261-D0FF-4947-A1A8-EEFEAF8F1D62}.Release|Any CPU.Build.0 = Release|Any CPU
		{41944235-6BE1-4DFB-96DE-A95CE9F0E40D}.Debug|Any CPU.ActiveCfg = Debug|Any CPU
		{41944235-6BE1-4DFB-96DE-A95CE9F0E40D}.Debug|Any CPU.Build.0 = Debug|Any CPU
		{41944235-6BE1-4DFB-96DE-A95CE9F0E40D}.Release|Any CPU.ActiveCfg = Release|Any CPU
		{41944235-6BE1-4DFB-96DE-A95CE9F0E40D}.Release|Any CPU.Build.0 = Release|Any CPU
		{4F26BD45-721A-472D-A4BF-60605C24633B}.Debug|Any CPU.ActiveCfg = Debug|Any CPU
		{4F26BD45-721A-472D-A4BF-60605C24633B}.Debug|Any CPU.Build.0 = Debug|Any CPU
		{4F26BD45-721A-472D-A4BF-60605C24633B}.Release|Any CPU.ActiveCfg = Release|Any CPU
		{4F26BD45-721A-472D-A4BF-60605C24633B}.Release|Any CPU.Build.0 = Release|Any CPU
		{9B47B28C-6D91-4E9D-9170-EFA764A2CED5}.Debug|Any CPU.ActiveCfg = Debug|Any CPU
		{9B47B28C-6D91-4E9D-9170-EFA764A2CED5}.Debug|Any CPU.Build.0 = Debug|Any CPU
		{9B47B28C-6D91-4E9D-9170-EFA764A2CED5}.Release|Any CPU.ActiveCfg = Release|Any CPU
		{9B47B28C-6D91-4E9D-9170-EFA764A2CED5}.Release|Any CPU.Build.0 = Release|Any CPU
		{4CD43838-6983-456B-9E08-1D878EB6845E}.Debug|Any CPU.ActiveCfg = Debug|Any CPU
		{4CD43838-6983-456B-9E08-1D878EB6845E}.Debug|Any CPU.Build.0 = Debug|Any CPU
		{4CD43838-6983-456B-9E08-1D878EB6845E}.Release|Any CPU.ActiveCfg = Release|Any CPU
		{4CD43838-6983-456B-9E08-1D878EB6845E}.Release|Any CPU.Build.0 = Release|Any CPU
	EndGlobalSection
EndGlobal
